{
  "name": "functional-sort-in-ts",
  "version": "1.0.0",
  "lockfileVersion": 1,
  "requires": true,
  "dependencies": {
    "tslint-config-prettier": {
      "version": "1.17.0",
      "resolved": "https://registry.npmjs.org/tslint-config-prettier/-/tslint-config-prettier-1.17.0.tgz",
      "integrity": "sha512-NKWNkThwqE4Snn4Cm6SZB7lV5RMDDFsBwz6fWUkTxOKGjMx8ycOHnjIbhn7dZd5XmssW3CwqUjlANR6EhP9YQw==",
      "dev": true
    },
    "typescript": {
      "version": "3.2.2",
      "resolved": "https://registry.npmjs.org/typescript/-/typescript-3.2.2.tgz",
      "integrity": "sha512-VCj5UiSyHBjwfYacmDuc/NOk4QQixbE+Wn7MFJuS0nRuPQbof132Pw4u53dm264O8LPc2MVsc7RJNml5szurkg==",
      "dev": true
    }
  }
}
